
Microsoft Visual Studio Solution File, Format Version 12.00
# Visual Studio Version 17
VisualStudioVersion = 17.10.35122.118
MinimumVisualStudioVersion = 10.0.40219.1
Project("{8BC9CEB8-8B4A-11D0-8D11-00A0C91BC942}") = "01_Intro", "01_Intro\01_Intro.vcxproj", "{041F8A5D-D2DB-438F-86A7-4D5DA2D15835}"
EndProject
Project("{8BC9CEB8-8B4A-11D0-8D11-00A0C91BC942}") = "02_DataTypes", "02_DataTypes\02_DataTypes.vcxproj", "{122DED53-C2D8-4CAC-ABFC-D5E02391FC6B}"
EndProject
Project("{8BC9CEB8-8B4A-11D0-8D11-00A0C91BC942}") = "03_LogicOperatorsIfElse", "03_LogicOperatorsIfElse\03_LogicOperatorsIfElse.vcxproj", "{2A5954F0-7C70-47F0-9104-442BC00B6AA0}"
EndProject
Project("{8BC9CEB8-8B4A-11D0-8D11-00A0C91BC942}") = "04_Array", "04_Array\04_Array.vcxproj", "{BF820B68-1A6B-4E76-8AAA-53429728BA15}"
EndProject
Project("{8BC9CEB8-8B4A-11D0-8D11-00A0C91BC942}") = "05_Matrix", "05_Matrix\05_Matrix.vcxproj", "{530E57B2-5515-4FF0-A9F6-03DB77C0A8BB}"
EndProject
Project("{8BC9CEB8-8B4A-11D0-8D11-00A0C91BC942}") = "06_SortFind", "06_SortFind\06_SortFind.vcxproj", "{B7FCF050-3BC8-4993-A6C0-9AB7E77A8EF9}"
EndProject
Project("{8BC9CEB8-8B4A-11D0-8D11-00A0C91BC942}") = "07_Poiners", "07_Poiners\07_Poiners.vcxproj", "{DEFB741B-EBEF-49AF-BDD9-BF2107F52AE6}"
EndProject
Project("{8BC9CEB8-8B4A-11D0-8D11-00A0C91BC942}") = "08_Links", "08_Links\08_Links.vcxproj", "{B5687169-175A-4DAF-AC63-489268B28857}"
EndProject
Project("{8BC9CEB8-8B4A-11D0-8D11-00A0C91BC942}") = "09_SetPos_SetColor_Setw", "09_SetPos_SetColor_Setw\09_SetPos_SetColor_Setw.vcxproj", "{561FCECB-BC6D-4BB4-A66F-CFB37FF64D48}"
EndProject
Project("{8BC9CEB8-8B4A-11D0-8D11-00A0C91BC942}") = "10_Dynamic_memory", "10_Dynamic_memory\10_Dynamic_memory.vcxproj", "{3657D688-D9A5-46B3-BCCB-12EB31313422}"
EndProject
Project("{8BC9CEB8-8B4A-11D0-8D11-00A0C91BC942}") = "11_TwoDementionDynamicArr", "11_TwoDementionDynamicArr\11_TwoDementionDynamicArr.vcxproj", "{90DEBE6B-1AFF-46E7-9634-DA7C26F835BD}"
EndProject
Project("{8BC9CEB8-8B4A-11D0-8D11-00A0C91BC942}") = "12_C-StyleRows", "12_C-StyleRows\12_C-StyleRows.vcxproj", "{80373749-19DF-437F-8C84-A8291A60898F}"
EndProject
Project("{8BC9CEB8-8B4A-11D0-8D11-00A0C91BC942}") = "13_Struct", "13_Struct\13_Struct.vcxproj", "{F6A6A29F-7E70-4DB7-8E31-888127F5A81F}"
EndProject
Project("{8BC9CEB8-8B4A-11D0-8D11-00A0C91BC942}") = "14_StructInFunction", "14_StructInFunction\14_StructInFunction.vcxproj", "{F7BC20D4-827C-4B14-A2FC-E3EA8939C995}"
EndProject
Project("{8BC9CEB8-8B4A-11D0-8D11-00A0C91BC942}") = "15_WorkWithFile", "15_WorkWithFile\15_WorkWithFile.vcxproj", "{4EDB1943-ABE8-485A-9A98-857580AC0991}"
EndProject
Project("{8BC9CEB8-8B4A-11D0-8D11-00A0C91BC942}") = "16_StructSaveToFile", "16_StructSaveToFile\16_StructSaveToFile.vcxproj", "{4D1A9822-06A1-4B35-A0B9-7B6CBBD9B4B6}"
EndProject
Global
	GlobalSection(SolutionConfigurationPlatforms) = preSolution
		Debug|x64 = Debug|x64
		Debug|x86 = Debug|x86
		Release|x64 = Release|x64
		Release|x86 = Release|x86
	EndGlobalSection
	GlobalSection(ProjectConfigurationPlatforms) = postSolution
		{041F8A5D-D2DB-438F-86A7-4D5DA2D15835}.Debug|x64.ActiveCfg = Debug|x64
		{041F8A5D-D2DB-438F-86A7-4D5DA2D15835}.Debug|x64.Build.0 = Debug|x64
		{041F8A5D-D2DB-438F-86A7-4D5DA2D15835}.Debug|x86.ActiveCfg = Debug|Win32
		{041F8A5D-D2DB-438F-86A7-4D5DA2D15835}.Debug|x86.Build.0 = Debug|Win32
		{041F8A5D-D2DB-438F-86A7-4D5DA2D15835}.Release|x64.ActiveCfg = Release|x64
		{041F8A5D-D2DB-438F-86A7-4D5DA2D15835}.Release|x64.Build.0 = Release|x64
		{041F8A5D-D2DB-438F-86A7-4D5DA2D15835}.Release|x86.ActiveCfg = Release|Win32
		{041F8A5D-D2DB-438F-86A7-4D5DA2D15835}.Release|x86.Build.0 = Release|Win32
		{122DED53-C2D8-4CAC-ABFC-D5E02391FC6B}.Debug|x64.ActiveCfg = Debug|x64
		{122DED53-C2D8-4CAC-ABFC-D5E02391FC6B}.Debug|x64.Build.0 = Debug|x64
		{122DED53-C2D8-4CAC-ABFC-D5E02391FC6B}.Debug|x86.ActiveCfg = Debug|Win32
		{122DED53-C2D8-4CAC-ABFC-D5E02391FC6B}.Debug|x86.Build.0 = Debug|Win32
		{122DED53-C2D8-4CAC-ABFC-D5E02391FC6B}.Release|x64.ActiveCfg = Release|x64
		{122DED53-C2D8-4CAC-ABFC-D5E02391FC6B}.Release|x64.Build.0 = Release|x64
		{122DED53-C2D8-4CAC-ABFC-D5E02391FC6B}.Release|x86.ActiveCfg = Release|Win32
		{122DED53-C2D8-4CAC-ABFC-D5E02391FC6B}.Release|x86.Build.0 = Release|Win32
		{2A5954F0-7C70-47F0-9104-442BC00B6AA0}.Debug|x64.ActiveCfg = Debug|x64
		{2A5954F0-7C70-47F0-9104-442BC00B6AA0}.Debug|x64.Build.0 = Debug|x64
		{2A5954F0-7C70-47F0-9104-442BC00B6AA0}.Debug|x86.ActiveCfg = Debug|Win32
		{2A5954F0-7C70-47F0-9104-442BC00B6AA0}.Debug|x86.Build.0 = Debug|Win32
		{2A5954F0-7C70-47F0-9104-442BC00B6AA0}.Release|x64.ActiveCfg = Release|x64
		{2A5954F0-7C70-47F0-9104-442BC00B6AA0}.Release|x64.Build.0 = Release|x64
		{2A5954F0-7C70-47F0-9104-442BC00B6AA0}.Release|x86.ActiveCfg = Release|Win32
		{2A5954F0-7C70-47F0-9104-442BC00B6AA0}.Release|x86.Build.0 = Release|Win32
		{BF820B68-1A6B-4E76-8AAA-53429728BA15}.Debug|x64.ActiveCfg = Debug|x64
		{BF820B68-1A6B-4E76-8AAA-53429728BA15}.Debug|x64.Build.0 = Debug|x64
		{BF820B68-1A6B-4E76-8AAA-53429728BA15}.Debug|x86.ActiveCfg = Debug|Win32
		{BF820B68-1A6B-4E76-8AAA-53429728BA15}.Debug|x86.Build.0 = Debug|Win32
		{BF820B68-1A6B-4E76-8AAA-53429728BA15}.Release|x64.ActiveCfg = Release|x64
		{BF820B68-1A6B-4E76-8AAA-53429728BA15}.Release|x64.Build.0 = Release|x64
		{BF820B68-1A6B-4E76-8AAA-53429728BA15}.Release|x86.ActiveCfg = Release|Win32
		{BF820B68-1A6B-4E76-8AAA-53429728BA15}.Release|x86.Build.0 = Release|Win32
		{530E57B2-5515-4FF0-A9F6-03DB77C0A8BB}.Debug|x64.ActiveCfg = Debug|x64
		{530E57B2-5515-4FF0-A9F6-03DB77C0A8BB}.Debug|x64.Build.0 = Debug|x64
		{530E57B2-5515-4FF0-A9F6-03DB77C0A8BB}.Debug|x86.ActiveCfg = Debug|Win32
		{530E57B2-5515-4FF0-A9F6-03DB77C0A8BB}.Debug|x86.Build.0 = Debug|Win32
		{530E57B2-5515-4FF0-A9F6-03DB77C0A8BB}.Release|x64.ActiveCfg = Release|x64
		{530E57B2-5515-4FF0-A9F6-03DB77C0A8BB}.Release|x64.Build.0 = Release|x64
		{530E57B2-5515-4FF0-A9F6-03DB77C0A8BB}.Release|x86.ActiveCfg = Release|Win32
		{530E57B2-5515-4FF0-A9F6-03DB77C0A8BB}.Release|x86.Build.0 = Release|Win32
		{B7FCF050-3BC8-4993-A6C0-9AB7E77A8EF9}.Debug|x64.ActiveCfg = Debug|x64
		{B7FCF050-3BC8-4993-A6C0-9AB7E77A8EF9}.Debug|x64.Build.0 = Debug|x64
		{B7FCF050-3BC8-4993-A6C0-9AB7E77A8EF9}.Debug|x86.ActiveCfg = Debug|Win32
		{B7FCF050-3BC8-4993-A6C0-9AB7E77A8EF9}.Debug|x86.Build.0 = Debug|Win32
		{B7FCF050-3BC8-4993-A6C0-9AB7E77A8EF9}.Release|x64.ActiveCfg = Release|x64
		{B7FCF050-3BC8-4993-A6C0-9AB7E77A8EF9}.Release|x64.Build.0 = Release|x64
		{B7FCF050-3BC8-4993-A6C0-9AB7E77A8EF9}.Release|x86.ActiveCfg = Release|Win32
		{B7FCF050-3BC8-4993-A6C0-9AB7E77A8EF9}.Release|x86.Build.0 = Release|Win32
		{DEFB741B-EBEF-49AF-BDD9-BF2107F52AE6}.Debug|x64.ActiveCfg = Debug|x64
		{DEFB741B-EBEF-49AF-BDD9-BF2107F52AE6}.Debug|x64.Build.0 = Debug|x64
		{DEFB741B-EBEF-49AF-BDD9-BF2107F52AE6}.Debug|x86.ActiveCfg = Debug|Win32
		{DEFB741B-EBEF-49AF-BDD9-BF2107F52AE6}.Debug|x86.Build.0 = Debug|Win32
		{DEFB741B-EBEF-49AF-BDD9-BF2107F52AE6}.Release|x64.ActiveCfg = Release|x64
		{DEFB741B-EBEF-49AF-BDD9-BF2107F52AE6}.Release|x64.Build.0 = Release|x64
		{DEFB741B-EBEF-49AF-BDD9-BF2107F52AE6}.Release|x86.ActiveCfg = Release|Win32
		{DEFB741B-EBEF-49AF-BDD9-BF2107F52AE6}.Release|x86.Build.0 = Release|Win32
		{B5687169-175A-4DAF-AC63-489268B28857}.Debug|x64.ActiveCfg = Debug|x64
		{B5687169-175A-4DAF-AC63-489268B28857}.Debug|x64.Build.0 = Debug|x64
		{B5687169-175A-4DAF-AC63-489268B28857}.Debug|x86.ActiveCfg = Debug|Win32
		{B5687169-175A-4DAF-AC63-489268B28857}.Debug|x86.Build.0 = Debug|Win32
		{B5687169-175A-4DAF-AC63-489268B28857}.Release|x64.ActiveCfg = Release|x64
		{B5687169-175A-4DAF-AC63-489268B28857}.Release|x64.Build.0 = Release|x64
		{B5687169-175A-4DAF-AC63-489268B28857}.Release|x86.ActiveCfg = Release|Win32
		{B5687169-175A-4DAF-AC63-489268B28857}.Release|x86.Build.0 = Release|Win32
		{561FCECB-BC6D-4BB4-A66F-CFB37FF64D48}.Debug|x64.ActiveCfg = Debug|x64
		{561FCECB-BC6D-4BB4-A66F-CFB37FF64D48}.Debug|x64.Build.0 = Debug|x64
		{561FCECB-BC6D-4BB4-A66F-CFB37FF64D48}.Debug|x86.ActiveCfg = Debug|Win32
		{561FCECB-BC6D-4BB4-A66F-CFB37FF64D48}.Debug|x86.Build.0 = Debug|Win32
		{561FCECB-BC6D-4BB4-A66F-CFB37FF64D48}.Release|x64.ActiveCfg = Release|x64
		{561FCECB-BC6D-4BB4-A66F-CFB37FF64D48}.Release|x64.Build.0 = Release|x64
		{561FCECB-BC6D-4BB4-A66F-CFB37FF64D48}.Release|x86.ActiveCfg = Release|Win32
		{561FCECB-BC6D-4BB4-A66F-CFB37FF64D48}.Release|x86.Build.0 = Release|Win32
		{3657D688-D9A5-46B3-BCCB-12EB31313422}.Debug|x64.ActiveCfg = Debug|x64
		{3657D688-D9A5-46B3-BCCB-12EB31313422}.Debug|x64.Build.0 = Debug|x64
		{3657D688-D9A5-46B3-BCCB-12EB31313422}.Debug|x86.ActiveCfg = Debug|Win32
		{3657D688-D9A5-46B3-BCCB-12EB31313422}.Debug|x86.Build.0 = Debug|Win32
		{3657D688-D9A5-46B3-BCCB-12EB31313422}.Release|x64.ActiveCfg = Release|x64
		{3657D688-D9A5-46B3-BCCB-12EB31313422}.Release|x64.Build.0 = Release|x64
		{3657D688-D9A5-46B3-BCCB-12EB31313422}.Release|x86.ActiveCfg = Release|Win32
		{3657D688-D9A5-46B3-BCCB-12EB31313422}.Release|x86.Build.0 = Release|Win32
		{90DEBE6B-1AFF-46E7-9634-DA7C26F835BD}.Debug|x64.ActiveCfg = Debug|x64
		{90DEBE6B-1AFF-46E7-9634-DA7C26F835BD}.Debug|x64.Build.0 = Debug|x64
		{90DEBE6B-1AFF-46E7-9634-DA7C26F835BD}.Debug|x86.ActiveCfg = Debug|Win32
		{90DEBE6B-1AFF-46E7-9634-DA7C26F835BD}.Debug|x86.Build.0 = Debug|Win32
		{90DEBE6B-1AFF-46E7-9634-DA7C26F835BD}.Release|x64.ActiveCfg = Release|x64
		{90DEBE6B-1AFF-46E7-9634-DA7C26F835BD}.Release|x64.Build.0 = Release|x64
		{90DEBE6B-1AFF-46E7-9634-DA7C26F835BD}.Release|x86.ActiveCfg = Release|Win32
		{90DEBE6B-1AFF-46E7-9634-DA7C26F835BD}.Release|x86.Build.0 = Release|Win32
		{80373749-19DF-437F-8C84-A8291A60898F}.Debug|x64.ActiveCfg = Debug|x64
		{80373749-19DF-437F-8C84-A8291A60898F}.Debug|x64.Build.0 = Debug|x64
		{80373749-19DF-437F-8C84-A8291A60898F}.Debug|x86.ActiveCfg = Debug|Win32
		{80373749-19DF-437F-8C84-A8291A60898F}.Debug|x86.Build.0 = Debug|Win32
		{80373749-19DF-437F-8C84-A8291A60898F}.Release|x64.ActiveCfg = Release|x64
		{80373749-19DF-437F-8C84-A8291A60898F}.Release|x64.Build.0 = Release|x64
		{80373749-19DF-437F-8C84-A8291A60898F}.Release|x86.ActiveCfg = Release|Win32
		{80373749-19DF-437F-8C84-A8291A60898F}.Release|x86.Build.0 = Release|Win32
		{F6A6A29F-7E70-4DB7-8E31-888127F5A81F}.Debug|x64.ActiveCfg = Debug|x64
		{F6A6A29F-7E70-4DB7-8E31-888127F5A81F}.Debug|x64.Build.0 = Debug|x64
		{F6A6A29F-7E70-4DB7-8E31-888127F5A81F}.Debug|x86.ActiveCfg = Debug|Win32
		{F6A6A29F-7E70-4DB7-8E31-888127F5A81F}.Debug|x86.Build.0 = Debug|Win32
		{F6A6A29F-7E70-4DB7-8E31-888127F5A81F}.Release|x64.ActiveCfg = Release|x64
		{F6A6A29F-7E70-4DB7-8E31-888127F5A81F}.Release|x64.Build.0 = Release|x64
		{F6A6A29F-7E70-4DB7-8E31-888127F5A81F}.Release|x86.ActiveCfg = Release|Win32
		{F6A6A29F-7E70-4DB7-8E31-888127F5A81F}.Release|x86.Build.0 = Release|Win32
		{F7BC20D4-827C-4B14-A2FC-E3EA8939C995}.Debug|x64.ActiveCfg = Debug|x64
		{F7BC20D4-827C-4B14-A2FC-E3EA8939C995}.Debug|x64.Build.0 = Debug|x64
		{F7BC20D4-827C-4B14-A2FC-E3EA8939C995}.Debug|x86.ActiveCfg = Debug|Win32
		{F7BC20D4-827C-4B14-A2FC-E3EA8939C995}.Debug|x86.Build.0 = Debug|Win32
		{F7BC20D4-827C-4B14-A2FC-E3EA8939C995}.Release|x64.ActiveCfg = Release|x64
		{F7BC20D4-827C-4B14-A2FC-E3EA8939C995}.Release|x64.Build.0 = Release|x64
		{F7BC20D4-827C-4B14-A2FC-E3EA8939C995}.Release|x86.ActiveCfg = Release|Win32
		{F7BC20D4-827C-4B14-A2FC-E3EA8939C995}.Release|x86.Build.0 = Release|Win32
		{4EDB1943-ABE8-485A-9A98-857580AC0991}.Debug|x64.ActiveCfg = Debug|x64
		{4EDB1943-ABE8-485A-9A98-857580AC0991}.Debug|x64.Build.0 = Debug|x64
		{4EDB1943-ABE8-485A-9A98-857580AC0991}.Debug|x86.ActiveCfg = Debug|Win32
		{4EDB1943-ABE8-485A-9A98-857580AC0991}.Debug|x86.Build.0 = Debug|Win32
		{4EDB1943-ABE8-485A-9A98-857580AC0991}.Release|x64.ActiveCfg = Release|x64
		{4EDB1943-ABE8-485A-9A98-857580AC0991}.Release|x64.Build.0 = Release|x64
		{4EDB1943-ABE8-485A-9A98-857580AC0991}.Release|x86.ActiveCfg = Release|Win32
		{4EDB1943-ABE8-485A-9A98-857580AC0991}.Release|x86.Build.0 = Release|Win32
		{4D1A9822-06A1-4B35-A0B9-7B6CBBD9B4B6}.Debug|x64.ActiveCfg = Debug|x64
		{4D1A9822-06A1-4B35-A0B9-7B6CBBD9B4B6}.Debug|x64.Build.0 = Debug|x64
		{4D1A9822-06A1-4B35-A0B9-7B6CBBD9B4B6}.Debug|x86.ActiveCfg = Debug|Win32
		{4D1A9822-06A1-4B35-A0B9-7B6CBBD9B4B6}.Debug|x86.Build.0 = Debug|Win32
		{4D1A9822-06A1-4B35-A0B9-7B6CBBD9B4B6}.Release|x64.ActiveCfg = Release|x64
		{4D1A9822-06A1-4B35-A0B9-7B6CBBD9B4B6}.Release|x64.Build.0 = Release|x64
		{4D1A9822-06A1-4B35-A0B9-7B6CBBD9B4B6}.Release|x86.ActiveCfg = Release|Win32
		{4D1A9822-06A1-4B35-A0B9-7B6CBBD9B4B6}.Release|x86.Build.0 = Release|Win32
	EndGlobalSection
	GlobalSection(SolutionProperties) = preSolution
		HideSolutionNode = FALSE
	EndGlobalSection
	GlobalSection(ExtensibilityGlobals) = postSolution
		SolutionGuid = {DD1B175B-B122-48E5-8425-595720B5591C}
	EndGlobalSection
EndGlobal
